
Microsoft Visual Studio Solution File, Format Version 12.00
# Visual Studio Version 17
VisualStudioVersion = 17.3.32929.385
MinimumVisualStudioVersion = 10.0.40219.1
Project("{FAE04EC0-301F-11D3-BF4B-00C04F79EFBC}") = "InventoryManagementSystemApp", "InventoryManagementSystemApp\InventoryManagementSystemApp.csproj", "{6541D279-006E-4323-9590-0920E0193472}"
EndProject
Project("{FAE04EC0-301F-11D3-BF4B-00C04F79EFBC}") = "InventoryManagementSystemDomain", "InventoryManagementSystemDomain\InventoryManagementSystemDomain.csproj", "{5AD720E3-3DDD-42A2-95DF-DE1A74BA7C2E}"
EndProject
Project("{FAE04EC0-301F-11D3-BF4B-00C04F79EFBC}") = "InventoryManagementSystemInfrastructure", "InventoryManagementSystemInfrastructure\InventoryManagementSystemInfrastructure.csproj", "{8230D72C-8626-40BF-A27D-CA8EE3181BB8}"
EndProject
Global
	GlobalSection(SolutionConfigurationPlatforms) = preSolution
		Debug|Any CPU = Debug|Any CPU
		Release|Any CPU = Release|Any CPU
	EndGlobalSection
	GlobalSection(ProjectConfigurationPlatforms) = postSolution
		{6541D279-006E-4323-9590-0920E0193472}.Debug|Any CPU.ActiveCfg = Debug|Any CPU
		{6541D279-006E-4323-9590-0920E0193472}.Debug|Any CPU.Build.0 = Debug|Any CPU
		{6541D279-006E-4323-9590-0920E0193472}.Release|Any CPU.ActiveCfg = Release|Any CPU
		{6541D279-006E-4323-9590-0920E0193472}.Release|Any CPU.Build.0 = Release|Any CPU
		{5AD720E3-3DDD-42A2-95DF-DE1A74BA7C2E}.Debug|Any CPU.ActiveCfg = Debug|Any CPU
		{5AD720E3-3DDD-42A2-95DF-DE1A74BA7C2E}.Debug|Any CPU.Build.0 = Debug|Any CPU
		{5AD720E3-3DDD-42A2-95DF-DE1A74BA7C2E}.Release|Any CPU.ActiveCfg = Release|Any CPU
		{5AD720E3-3DDD-42A2-95DF-DE1A74BA7C2E}.Release|Any CPU.Build.0 = Release|Any CPU
		{8230D72C-8626-40BF-A27D-CA8EE3181BB8}.Debug|Any CPU.ActiveCfg = Debug|Any CPU
		{8230D72C-8626-40BF-A27D-CA8EE3181BB8}.Debug|Any CPU.Build.0 = Debug|Any CPU
		{8230D72C-8626-40BF-A27D-CA8EE3181BB8}.Release|Any CPU.ActiveCfg = Release|Any CPU
		{8230D72C-8626-40BF-A27D-CA8EE3181BB8}.Release|Any CPU.Build.0 = Release|Any CPU
	EndGlobalSection
	GlobalSection(SolutionProperties) = preSolution
		HideSolutionNode = FALSE
	EndGlobalSection
	GlobalSection(ExtensibilityGlobals) = postSolution
		SolutionGuid = {408F910E-B8F1-41E6-A428-BE3CA2E89D5D}
	EndGlobalSection
EndGlobal
